
Microsoft Visual Studio Solution File, Format Version 12.00
# Visual Studio Version 17
VisualStudioVersion = 17.4.33103.184
MinimumVisualStudioVersion = 10.0.40219.1
Project("{FAE04EC0-301F-11D3-BF4B-00C04F79EFBC}") = "Server", "Server\Server.csproj", "{7EE3F5E5-5BD4-4158-AC36-13EC629E4411}"
EndProject
Project("{FAE04EC0-301F-11D3-BF4B-00C04F79EFBC}") = "Client", "Client\Client.csproj", "{CC84EAF2-4B15-4A62-8682-1C676775696E}"
EndProject
Global
	GlobalSection(SolutionConfigurationPlatforms) = preSolution
		Debug|Any CPU = Debug|Any CPU
		Release|Any CPU = Release|Any CPU
	EndGlobalSection
	GlobalSection(ProjectConfigurationPlatforms) = postSolution
		{7EE3F5E5-5BD4-4158-AC36-13EC629E4411}.Debug|Any CPU.ActiveCfg = Debug|Any CPU
		{7EE3F5E5-5BD4-4158-AC36-13EC629E4411}.Debug|Any CPU.Build.0 = Debug|Any CPU
		{7EE3F5E5-5BD4-4158-AC36-13EC629E4411}.Release|Any CPU.ActiveCfg = Release|Any CPU
		{7EE3F5E5-5BD4-4158-AC36-13EC629E4411}.Release|Any CPU.Build.0 = Release|Any CPU
		{CC84EAF2-4B15-4A62-8682-1C676775696E}.Debug|Any CPU.ActiveCfg = Debug|Any CPU
		{CC84EAF2-4B15-4A62-8682-1C676775696E}.Debug|Any CPU.Build.0 = Debug|Any CPU
		{CC84EAF2-4B15-4A62-8682-1C676775696E}.Release|Any CPU.ActiveCfg = Release|Any CPU
		{CC84EAF2-4B15-4A62-8682-1C676775696E}.Release|Any CPU.Build.0 = Release|Any CPU
	EndGlobalSection
	GlobalSection(SolutionProperties) = preSolution
		HideSolutionNode = FALSE
	EndGlobalSection
	GlobalSection(ExtensibilityGlobals) = postSolution
		SolutionGuid = {D452244A-2C81-45BA-863C-75E84226AFF2}
	EndGlobalSection
EndGlobal
